
Microsoft Visual Studio Solution File, Format Version 12.00
# Visual Studio 15
VisualStudioVersion = 15.0.27130.2036
MinimumVisualStudioVersion = 10.0.40219.1
Project("{FAE04EC0-301F-11D3-BF4B-00C04F79EFBC}") = "InterfaceHierarchy", "InterfaceHierarchy\InterfaceHierarchy.csproj", "{0886B4FE-5752-4D1C-B803-955EA4D188D7}"
EndProject
Global
	GlobalSection(SolutionConfigurationPlatforms) = preSolution
		Debug|Any CPU = Debug|Any CPU
		Release|Any CPU = Release|Any CPU
	EndGlobalSection
	GlobalSection(ProjectConfigurationPlatforms) = postSolution
		{0886B4FE-5752-4D1C-B803-955EA4D188D7}.Debug|Any CPU.ActiveCfg = Debug|Any CPU
		{0886B4FE-5752-4D1C-B803-955EA4D188D7}.Debug|Any CPU.Build.0 = Debug|Any CPU
		{0886B4FE-5752-4D1C-B803-955EA4D188D7}.Release|Any CPU.ActiveCfg = Release|Any CPU
		{0886B4FE-5752-4D1C-B803-955EA4D188D7}.Release|Any CPU.Build.0 = Release|Any CPU
	EndGlobalSection
	GlobalSection(SolutionProperties) = preSolution
		HideSolutionNode = FALSE
	EndGlobalSection
	GlobalSection(ExtensibilityGlobals) = postSolution
		SolutionGuid = {02C68E08-0C83-4851-BEF2-B88558B234D2}
	EndGlobalSection
EndGlobal
