
Microsoft Visual Studio Solution File, Format Version 12.00
# Visual Studio 15
VisualStudioVersion = 15.0.27130.2036
MinimumVisualStudioVersion = 10.0.40219.1
Project("{FAE04EC0-301F-11D3-BF4B-00C04F79EFBC}") = "SimpleDelegate", "SimpleDelegate\SimpleDelegate.csproj", "{8C2D9E97-B835-45CC-B19D-BAAACBD4DADB}"
EndProject
Global
	GlobalSection(SolutionConfigurationPlatforms) = preSolution
		Debug|Any CPU = Debug|Any CPU
		Release|Any CPU = Release|Any CPU
	EndGlobalSection
	GlobalSection(ProjectConfigurationPlatforms) = postSolution
		{8C2D9E97-B835-45CC-B19D-BAAACBD4DADB}.Debug|Any CPU.ActiveCfg = Debug|Any CPU
		{8C2D9E97-B835-45CC-B19D-BAAACBD4DADB}.Debug|Any CPU.Build.0 = Debug|Any CPU
		{8C2D9E97-B835-45CC-B19D-BAAACBD4DADB}.Release|Any CPU.ActiveCfg = Release|Any CPU
		{8C2D9E97-B835-45CC-B19D-BAAACBD4DADB}.Release|Any CPU.Build.0 = Release|Any CPU
	EndGlobalSection
	GlobalSection(SolutionProperties) = preSolution
		HideSolutionNode = FALSE
	EndGlobalSection
	GlobalSection(ExtensibilityGlobals) = postSolution
		SolutionGuid = {023CD0E4-A42F-4400-8CCD-E4CD51133DF5}
	EndGlobalSection
EndGlobal
