
Microsoft Visual Studio Solution File, Format Version 12.00
# Visual Studio 15
VisualStudioVersion = 15.0.27428.2011
MinimumVisualStudioVersion = 10.0.40219.1
Project("{FAE04EC0-301F-11D3-BF4B-00C04F79EFBC}") = "CustomNamespaces", "CustomNamespaces\CustomNamespaces.csproj", "{6201A749-2CF2-4E7E-9042-A589C5DBA6FC}"
EndProject
Global
	GlobalSection(SolutionConfigurationPlatforms) = preSolution
		Debug|Any CPU = Debug|Any CPU
		Release|Any CPU = Release|Any CPU
	EndGlobalSection
	GlobalSection(ProjectConfigurationPlatforms) = postSolution
		{6201A749-2CF2-4E7E-9042-A589C5DBA6FC}.Debug|Any CPU.ActiveCfg = Debug|Any CPU
		{6201A749-2CF2-4E7E-9042-A589C5DBA6FC}.Debug|Any CPU.Build.0 = Debug|Any CPU
		{6201A749-2CF2-4E7E-9042-A589C5DBA6FC}.Release|Any CPU.ActiveCfg = Release|Any CPU
		{6201A749-2CF2-4E7E-9042-A589C5DBA6FC}.Release|Any CPU.Build.0 = Release|Any CPU
	EndGlobalSection
	GlobalSection(SolutionProperties) = preSolution
		HideSolutionNode = FALSE
	EndGlobalSection
	GlobalSection(ExtensibilityGlobals) = postSolution
		SolutionGuid = {B7ECC52F-E817-4EEC-9464-D7EB15D3FF8B}
	EndGlobalSection
EndGlobal
