
Microsoft Visual Studio Solution File, Format Version 12.00
# Visual Studio 15
VisualStudioVersion = 15.0.27428.2011
MinimumVisualStudioVersion = 10.0.40219.1
Project("{FAE04EC0-301F-11D3-BF4B-00C04F79EFBC}") = "SharedCarLibClient", "SharedCarLibClient\SharedCarLibClient.csproj", "{BFBF5DF2-F1F1-4969-B2EF-2FD65D3AAB06}"
EndProject
Global
	GlobalSection(SolutionConfigurationPlatforms) = preSolution
		Debug|Any CPU = Debug|Any CPU
		Release|Any CPU = Release|Any CPU
	EndGlobalSection
	GlobalSection(ProjectConfigurationPlatforms) = postSolution
		{BFBF5DF2-F1F1-4969-B2EF-2FD65D3AAB06}.Debug|Any CPU.ActiveCfg = Debug|Any CPU
		{BFBF5DF2-F1F1-4969-B2EF-2FD65D3AAB06}.Debug|Any CPU.Build.0 = Debug|Any CPU
		{BFBF5DF2-F1F1-4969-B2EF-2FD65D3AAB06}.Release|Any CPU.ActiveCfg = Release|Any CPU
		{BFBF5DF2-F1F1-4969-B2EF-2FD65D3AAB06}.Release|Any CPU.Build.0 = Release|Any CPU
	EndGlobalSection
	GlobalSection(SolutionProperties) = preSolution
		HideSolutionNode = FALSE
	EndGlobalSection
	GlobalSection(ExtensibilityGlobals) = postSolution
		SolutionGuid = {A9184AE2-AC2C-47E4-A2C7-AA732C3A8FCB}
	EndGlobalSection
EndGlobal
