
Microsoft Visual Studio Solution File, Format Version 12.00
# Visual Studio 15
VisualStudioVersion = 15.0.27130.2027
MinimumVisualStudioVersion = 10.0.40219.1
Project("{FAE04EC0-301F-11D3-BF4B-00C04F79EFBC}") = "FunWithArrays", "FunWithArrays\FunWithArrays.csproj", "{5087F437-0C0B-4A62-A7E4-E5BF73F48146}"
EndProject
Global
	GlobalSection(SolutionConfigurationPlatforms) = preSolution
		Debug|Any CPU = Debug|Any CPU
		Release|Any CPU = Release|Any CPU
	EndGlobalSection
	GlobalSection(ProjectConfigurationPlatforms) = postSolution
		{5087F437-0C0B-4A62-A7E4-E5BF73F48146}.Debug|Any CPU.ActiveCfg = Debug|Any CPU
		{5087F437-0C0B-4A62-A7E4-E5BF73F48146}.Debug|Any CPU.Build.0 = Debug|Any CPU
		{5087F437-0C0B-4A62-A7E4-E5BF73F48146}.Release|Any CPU.ActiveCfg = Release|Any CPU
		{5087F437-0C0B-4A62-A7E4-E5BF73F48146}.Release|Any CPU.Build.0 = Release|Any CPU
	EndGlobalSection
	GlobalSection(SolutionProperties) = preSolution
		HideSolutionNode = FALSE
	EndGlobalSection
	GlobalSection(ExtensibilityGlobals) = postSolution
		SolutionGuid = {FCDF24FE-0120-4B38-847A-4C76C2DAA1CD}
	EndGlobalSection
EndGlobal
