
Microsoft Visual Studio Solution File, Format Version 12.00
# Visual Studio 15
VisualStudioVersion = 15.0.27130.2036
MinimumVisualStudioVersion = 10.0.40219.1
Project("{FAE04EC0-301F-11D3-BF4B-00C04F79EFBC}") = "Employees", "Employees\Employees.csproj", "{4988EF05-9EBB-471F-A6BA-0C594372E550}"
EndProject
Global
	GlobalSection(SolutionConfigurationPlatforms) = preSolution
		Debug|Any CPU = Debug|Any CPU
		Release|Any CPU = Release|Any CPU
	EndGlobalSection
	GlobalSection(ProjectConfigurationPlatforms) = postSolution
		{4988EF05-9EBB-471F-A6BA-0C594372E550}.Debug|Any CPU.ActiveCfg = Debug|Any CPU
		{4988EF05-9EBB-471F-A6BA-0C594372E550}.Debug|Any CPU.Build.0 = Debug|Any CPU
		{4988EF05-9EBB-471F-A6BA-0C594372E550}.Release|Any CPU.ActiveCfg = Release|Any CPU
		{4988EF05-9EBB-471F-A6BA-0C594372E550}.Release|Any CPU.Build.0 = Release|Any CPU
	EndGlobalSection
	GlobalSection(SolutionProperties) = preSolution
		HideSolutionNode = FALSE
	EndGlobalSection
	GlobalSection(ExtensibilityGlobals) = postSolution
		SolutionGuid = {8178EB2D-AC86-4AEF-AD02-A700A325B0A5}
	EndGlobalSection
EndGlobal
