
Microsoft Visual Studio Solution File, Format Version 12.00
# Visual Studio 15
VisualStudioVersion = 15.0.27130.2036
MinimumVisualStudioVersion = 10.0.40219.1
Project("{FAE04EC0-301F-11D3-BF4B-00C04F79EFBC}") = "GenericPoint", "GenericPoint\GenericPoint.csproj", "{5733EA00-5F02-4B7A-8C87-D9F7E122FC04}"
EndProject
Global
	GlobalSection(SolutionConfigurationPlatforms) = preSolution
		Debug|Any CPU = Debug|Any CPU
		Release|Any CPU = Release|Any CPU
	EndGlobalSection
	GlobalSection(ProjectConfigurationPlatforms) = postSolution
		{5733EA00-5F02-4B7A-8C87-D9F7E122FC04}.Debug|Any CPU.ActiveCfg = Debug|Any CPU
		{5733EA00-5F02-4B7A-8C87-D9F7E122FC04}.Debug|Any CPU.Build.0 = Debug|Any CPU
		{5733EA00-5F02-4B7A-8C87-D9F7E122FC04}.Release|Any CPU.ActiveCfg = Release|Any CPU
		{5733EA00-5F02-4B7A-8C87-D9F7E122FC04}.Release|Any CPU.Build.0 = Release|Any CPU
	EndGlobalSection
	GlobalSection(SolutionProperties) = preSolution
		HideSolutionNode = FALSE
	EndGlobalSection
	GlobalSection(ExtensibilityGlobals) = postSolution
		SolutionGuid = {3C2CDA77-4FDA-483B-A1EA-E07A62D5CD13}
	EndGlobalSection
EndGlobal
