
Microsoft Visual Studio Solution File, Format Version 12.00
# Visual Studio 15
VisualStudioVersion = 15.0.27130.2036
MinimumVisualStudioVersion = 10.0.40219.1
Project("{FAE04EC0-301F-11D3-BF4B-00C04F79EFBC}") = "ObjectOverrides", "ObjectOverrides\ObjectOverrides.csproj", "{1A9E0DA4-5BF1-4D24-9BE8-7F0B18A09C83}"
EndProject
Global
	GlobalSection(SolutionConfigurationPlatforms) = preSolution
		Debug|Any CPU = Debug|Any CPU
		Release|Any CPU = Release|Any CPU
	EndGlobalSection
	GlobalSection(ProjectConfigurationPlatforms) = postSolution
		{1A9E0DA4-5BF1-4D24-9BE8-7F0B18A09C83}.Debug|Any CPU.ActiveCfg = Debug|Any CPU
		{1A9E0DA4-5BF1-4D24-9BE8-7F0B18A09C83}.Debug|Any CPU.Build.0 = Debug|Any CPU
		{1A9E0DA4-5BF1-4D24-9BE8-7F0B18A09C83}.Release|Any CPU.ActiveCfg = Release|Any CPU
		{1A9E0DA4-5BF1-4D24-9BE8-7F0B18A09C83}.Release|Any CPU.Build.0 = Release|Any CPU
	EndGlobalSection
	GlobalSection(SolutionProperties) = preSolution
		HideSolutionNode = FALSE
	EndGlobalSection
	GlobalSection(ExtensibilityGlobals) = postSolution
		SolutionGuid = {F59FA426-9B67-4838-85FB-3497C7D16A84}
	EndGlobalSection
EndGlobal
