
Microsoft Visual Studio Solution File, Format Version 12.00
# Visual Studio 15
VisualStudioVersion = 15.0.27130.2036
MinimumVisualStudioVersion = 10.0.40219.1
Project("{FAE04EC0-301F-11D3-BF4B-00C04F79EFBC}") = "CarDelegateMethodGroupConversion", "CarDelegateMethodGroupConversion\CarDelegateMethodGroupConversion.csproj", "{AB3D62BD-5921-4B9F-8466-53797BE8BFA4}"
EndProject
Global
	GlobalSection(SolutionConfigurationPlatforms) = preSolution
		Debug|Any CPU = Debug|Any CPU
		Release|Any CPU = Release|Any CPU
	EndGlobalSection
	GlobalSection(ProjectConfigurationPlatforms) = postSolution
		{AB3D62BD-5921-4B9F-8466-53797BE8BFA4}.Debug|Any CPU.ActiveCfg = Debug|Any CPU
		{AB3D62BD-5921-4B9F-8466-53797BE8BFA4}.Debug|Any CPU.Build.0 = Debug|Any CPU
		{AB3D62BD-5921-4B9F-8466-53797BE8BFA4}.Release|Any CPU.ActiveCfg = Release|Any CPU
		{AB3D62BD-5921-4B9F-8466-53797BE8BFA4}.Release|Any CPU.Build.0 = Release|Any CPU
	EndGlobalSection
	GlobalSection(SolutionProperties) = preSolution
		HideSolutionNode = FALSE
	EndGlobalSection
	GlobalSection(ExtensibilityGlobals) = postSolution
		SolutionGuid = {36561854-BD76-445D-B66A-04EA7157471E}
	EndGlobalSection
EndGlobal
