
Microsoft Visual Studio Solution File, Format Version 12.00
# Visual Studio 15
VisualStudioVersion = 15.0.27130.2036
MinimumVisualStudioVersion = 10.0.40219.1
Project("{FAE04EC0-301F-11D3-BF4B-00C04F79EFBC}") = "ActionAndFuncDelegates", "ActionAndFuncDelegates\ActionAndFuncDelegates.csproj", "{E345FB35-9035-4E5E-A466-6828882488F9}"
EndProject
Global
	GlobalSection(SolutionConfigurationPlatforms) = preSolution
		Debug|Any CPU = Debug|Any CPU
		Release|Any CPU = Release|Any CPU
	EndGlobalSection
	GlobalSection(ProjectConfigurationPlatforms) = postSolution
		{E345FB35-9035-4E5E-A466-6828882488F9}.Debug|Any CPU.ActiveCfg = Debug|Any CPU
		{E345FB35-9035-4E5E-A466-6828882488F9}.Debug|Any CPU.Build.0 = Debug|Any CPU
		{E345FB35-9035-4E5E-A466-6828882488F9}.Release|Any CPU.ActiveCfg = Release|Any CPU
		{E345FB35-9035-4E5E-A466-6828882488F9}.Release|Any CPU.Build.0 = Release|Any CPU
	EndGlobalSection
	GlobalSection(SolutionProperties) = preSolution
		HideSolutionNode = FALSE
	EndGlobalSection
	GlobalSection(ExtensibilityGlobals) = postSolution
		SolutionGuid = {AE95EC4F-2727-452B-BEF7-E66537CBB48E}
	EndGlobalSection
EndGlobal
