
Microsoft Visual Studio Solution File, Format Version 12.00
# Visual Studio 15
VisualStudioVersion = 15.0.27130.2036
MinimumVisualStudioVersion = 10.0.40219.1
Project("{FAE04EC0-301F-11D3-BF4B-00C04F79EFBC}") = "CarEvents", "CarEvents\CarEvents.csproj", "{1035CFA7-E358-428C-8833-2E13E6D6FEEB}"
EndProject
Global
	GlobalSection(SolutionConfigurationPlatforms) = preSolution
		Debug|Any CPU = Debug|Any CPU
		Release|Any CPU = Release|Any CPU
	EndGlobalSection
	GlobalSection(ProjectConfigurationPlatforms) = postSolution
		{1035CFA7-E358-428C-8833-2E13E6D6FEEB}.Debug|Any CPU.ActiveCfg = Debug|Any CPU
		{1035CFA7-E358-428C-8833-2E13E6D6FEEB}.Debug|Any CPU.Build.0 = Debug|Any CPU
		{1035CFA7-E358-428C-8833-2E13E6D6FEEB}.Release|Any CPU.ActiveCfg = Release|Any CPU
		{1035CFA7-E358-428C-8833-2E13E6D6FEEB}.Release|Any CPU.Build.0 = Release|Any CPU
	EndGlobalSection
	GlobalSection(SolutionProperties) = preSolution
		HideSolutionNode = FALSE
	EndGlobalSection
	GlobalSection(ExtensibilityGlobals) = postSolution
		SolutionGuid = {0F594BB8-3E84-42FA-B2BD-895E1B682303}
	EndGlobalSection
EndGlobal
