
Microsoft Visual Studio Solution File, Format Version 12.00
# Visual Studio 15
VisualStudioVersion = 15.0.27428.2005
MinimumVisualStudioVersion = 10.0.40219.1
Project("{FAE04EC0-301F-11D3-BF4B-00C04F79EFBC}") = "StringIndexer", "StringIndexer\StringIndexer.csproj", "{81FFA142-39F2-4175-9B67-C3BC46B024A6}"
EndProject
Global
	GlobalSection(SolutionConfigurationPlatforms) = preSolution
		Debug|Any CPU = Debug|Any CPU
		Release|Any CPU = Release|Any CPU
	EndGlobalSection
	GlobalSection(ProjectConfigurationPlatforms) = postSolution
		{81FFA142-39F2-4175-9B67-C3BC46B024A6}.Debug|Any CPU.ActiveCfg = Debug|Any CPU
		{81FFA142-39F2-4175-9B67-C3BC46B024A6}.Debug|Any CPU.Build.0 = Debug|Any CPU
		{81FFA142-39F2-4175-9B67-C3BC46B024A6}.Release|Any CPU.ActiveCfg = Release|Any CPU
		{81FFA142-39F2-4175-9B67-C3BC46B024A6}.Release|Any CPU.Build.0 = Release|Any CPU
	EndGlobalSection
	GlobalSection(SolutionProperties) = preSolution
		HideSolutionNode = FALSE
	EndGlobalSection
	GlobalSection(ExtensibilityGlobals) = postSolution
		SolutionGuid = {90D24F82-9AA6-4CDC-ACB4-3488A7C4E509}
	EndGlobalSection
EndGlobal
